
Microsoft Visual Studio Solution File, Format Version 12.00
# Visual Studio Version 16
VisualStudioVersion = 16.0.28803.352
MinimumVisualStudioVersion = 10.0.40219.1
Project("{FAE04EC0-301F-11D3-BF4B-00C04F79EFBC}") = "ProjectGonzo", "ProjectGonzo\ProjectGonzo.csproj", "{DAFD0EA1-146F-4ED3-B4E8-0BA65BBFEF08}"
EndProject
Global
	GlobalSection(SolutionConfigurationPlatforms) = preSolution
		Debug|Any CPU = Debug|Any CPU
		Release|Any CPU = Release|Any CPU
	EndGlobalSection
	GlobalSection(ProjectConfigurationPlatforms) = postSolution
		{DAFD0EA1-146F-4ED3-B4E8-0BA65BBFEF08}.Debug|Any CPU.ActiveCfg = Debug|Any CPU
		{DAFD0EA1-146F-4ED3-B4E8-0BA65BBFEF08}.Debug|Any CPU.Build.0 = Debug|Any CPU
		{DAFD0EA1-146F-4ED3-B4E8-0BA65BBFEF08}.Release|Any CPU.ActiveCfg = Release|Any CPU
		{DAFD0EA1-146F-4ED3-B4E8-0BA65BBFEF08}.Release|Any CPU.Build.0 = Release|Any CPU
	EndGlobalSection
	GlobalSection(SolutionProperties) = preSolution
		HideSolutionNode = FALSE
	EndGlobalSection
	GlobalSection(ExtensibilityGlobals) = postSolution
		SolutionGuid = {752AC380-635C-4BE9-80B0-647AAD723C2E}
	EndGlobalSection
EndGlobal
